
Microsoft Visual Studio Solution File, Format Version 12.00
# Visual Studio Version 17
VisualStudioVersion = 17.14.36127.28 d17.14
MinimumVisualStudioVersion = 10.0.40219.1
Project("{FAE04EC0-301F-11D3-BF4B-00C04F79EFBC}") = "SRAUpdaterPlus", "SRAUpdaterPlus.csproj", "{9EAF77AD-EACC-41B7-BC78-392D475B6FB6}"
EndProject
Global
	GlobalSection(SolutionConfigurationPlatforms) = preSolution
		Debug|Any CPU = Debug|Any CPU
		Release|Any CPU = Release|Any CPU
	EndGlobalSection
	GlobalSection(ProjectConfigurationPlatforms) = postSolution
		{9EAF77AD-EACC-41B7-BC78-392D475B6FB6}.Debug|Any CPU.ActiveCfg = Debug|Any CPU
		{9EAF77AD-EACC-41B7-BC78-392D475B6FB6}.Debug|Any CPU.Build.0 = Debug|Any CPU
		{9EAF77AD-EACC-41B7-BC78-392D475B6FB6}.Release|Any CPU.ActiveCfg = Release|Any CPU
		{9EAF77AD-EACC-41B7-BC78-392D475B6FB6}.Release|Any CPU.Build.0 = Release|Any CPU
	EndGlobalSection
	GlobalSection(SolutionProperties) = preSolution
		HideSolutionNode = FALSE
	EndGlobalSection
	GlobalSection(ExtensibilityGlobals) = postSolution
		SolutionGuid = {EAA7EA4E-C526-4FB7-BF35-7C70944B0F81}
	EndGlobalSection
EndGlobal
